
Microsoft Visual Studio Solution File, Format Version 12.00
# Visual Studio Version 17
VisualStudioVersion = 17.3.32922.545
MinimumVisualStudioVersion = 10.0.40219.1
Project("{FAE04EC0-301F-11D3-BF4B-00C04F79EFBC}") = "Exercise_Linked List_A", "Exercise_Linked List_A\Exercise_Linked List_A.csproj", "{28702397-D17A-4DF4-AE9C-EF8604695AD5}"
EndProject
Global
	GlobalSection(SolutionConfigurationPlatforms) = preSolution
		Debug|Any CPU = Debug|Any CPU
		Release|Any CPU = Release|Any CPU
	EndGlobalSection
	GlobalSection(ProjectConfigurationPlatforms) = postSolution
		{28702397-D17A-4DF4-AE9C-EF8604695AD5}.Debug|Any CPU.ActiveCfg = Debug|Any CPU
		{28702397-D17A-4DF4-AE9C-EF8604695AD5}.Debug|Any CPU.Build.0 = Debug|Any CPU
		{28702397-D17A-4DF4-AE9C-EF8604695AD5}.Release|Any CPU.ActiveCfg = Release|Any CPU
		{28702397-D17A-4DF4-AE9C-EF8604695AD5}.Release|Any CPU.Build.0 = Release|Any CPU
	EndGlobalSection
	GlobalSection(SolutionProperties) = preSolution
		HideSolutionNode = FALSE
	EndGlobalSection
	GlobalSection(ExtensibilityGlobals) = postSolution
		SolutionGuid = {60CCC371-FAB6-454A-B645-5B6CEBDBD469}
	EndGlobalSection
EndGlobal
